
Microsoft Visual Studio Solution File, Format Version 12.00
# Visual Studio Version 17
VisualStudioVersion = 17.4.32916.344
MinimumVisualStudioVersion = 10.0.40219.1
Project("{2150E333-8FDC-42A3-9474-1A3956D46DE8}") = "microservices", "microservices", "{5853E0D4-D8B9-4EA0-B122-3C91782B9FD2}"
EndProject
Project("{2150E333-8FDC-42A3-9474-1A3956D46DE8}") = "Catalog", "Catalog", "{782B1A55-5C4F-4C03-BBAE-DAF059E55EDF}"
EndProject
Project("{9A19103F-16F7-4668-BE54-9A1E7A4F7556}") = "Catalog.API", "microservices\Catalog\Catalog.API\Catalog.API.csproj", "{8A721FF5-E1AC-4EB9-B57A-AD9F27BEC46F}"
EndProject
Project("{E53339B2-1760-4266-BCC7-CA923CBCF16C}") = "docker-compose", "docker-compose.dcproj", "{653F95DD-6EBC-4636-A50A-483F5CB440B2}"
EndProject
Project("{2150E333-8FDC-42A3-9474-1A3956D46DE8}") = "Basket", "Basket", "{A0B5FBB1-38A3-492F-B678-EA910C59ADEC}"
EndProject
Project("{9A19103F-16F7-4668-BE54-9A1E7A4F7556}") = "Basket.API", "microservices\Basket\Basket.API\Basket.API.csproj", "{C2449CCC-4248-4BE9-90B7-292C0C550B52}"
EndProject
Project("{2150E333-8FDC-42A3-9474-1A3956D46DE8}") = "Discount", "Discount", "{EBC8DECA-481A-4E57-B4CF-B39840BC9652}"
EndProject
Project("{FAE04EC0-301F-11D3-BF4B-00C04F79EFBC}") = "Discount.API", "microservices\Discount\Discount.API\Discount.API.csproj", "{95D7BD35-23FB-4396-8097-CE1936A7610F}"
EndProject
Global
	GlobalSection(SolutionConfigurationPlatforms) = preSolution
		Debug|Any CPU = Debug|Any CPU
		Release|Any CPU = Release|Any CPU
	EndGlobalSection
	GlobalSection(ProjectConfigurationPlatforms) = postSolution
		{8A721FF5-E1AC-4EB9-B57A-AD9F27BEC46F}.Debug|Any CPU.ActiveCfg = Debug|Any CPU
		{8A721FF5-E1AC-4EB9-B57A-AD9F27BEC46F}.Debug|Any CPU.Build.0 = Debug|Any CPU
		{8A721FF5-E1AC-4EB9-B57A-AD9F27BEC46F}.Release|Any CPU.ActiveCfg = Release|Any CPU
		{8A721FF5-E1AC-4EB9-B57A-AD9F27BEC46F}.Release|Any CPU.Build.0 = Release|Any CPU
		{653F95DD-6EBC-4636-A50A-483F5CB440B2}.Debug|Any CPU.ActiveCfg = Debug|Any CPU
		{653F95DD-6EBC-4636-A50A-483F5CB440B2}.Debug|Any CPU.Build.0 = Debug|Any CPU
		{653F95DD-6EBC-4636-A50A-483F5CB440B2}.Release|Any CPU.ActiveCfg = Release|Any CPU
		{653F95DD-6EBC-4636-A50A-483F5CB440B2}.Release|Any CPU.Build.0 = Release|Any CPU
		{C2449CCC-4248-4BE9-90B7-292C0C550B52}.Debug|Any CPU.ActiveCfg = Debug|Any CPU
		{C2449CCC-4248-4BE9-90B7-292C0C550B52}.Debug|Any CPU.Build.0 = Debug|Any CPU
		{C2449CCC-4248-4BE9-90B7-292C0C550B52}.Release|Any CPU.ActiveCfg = Release|Any CPU
		{C2449CCC-4248-4BE9-90B7-292C0C550B52}.Release|Any CPU.Build.0 = Release|Any CPU
		{95D7BD35-23FB-4396-8097-CE1936A7610F}.Debug|Any CPU.ActiveCfg = Debug|Any CPU
		{95D7BD35-23FB-4396-8097-CE1936A7610F}.Debug|Any CPU.Build.0 = Debug|Any CPU
		{95D7BD35-23FB-4396-8097-CE1936A7610F}.Release|Any CPU.ActiveCfg = Release|Any CPU
		{95D7BD35-23FB-4396-8097-CE1936A7610F}.Release|Any CPU.Build.0 = Release|Any CPU
	EndGlobalSection
	GlobalSection(SolutionProperties) = preSolution
		HideSolutionNode = FALSE
	EndGlobalSection
	GlobalSection(NestedProjects) = preSolution
		{782B1A55-5C4F-4C03-BBAE-DAF059E55EDF} = {5853E0D4-D8B9-4EA0-B122-3C91782B9FD2}
		{8A721FF5-E1AC-4EB9-B57A-AD9F27BEC46F} = {782B1A55-5C4F-4C03-BBAE-DAF059E55EDF}
		{A0B5FBB1-38A3-492F-B678-EA910C59ADEC} = {5853E0D4-D8B9-4EA0-B122-3C91782B9FD2}
		{C2449CCC-4248-4BE9-90B7-292C0C550B52} = {A0B5FBB1-38A3-492F-B678-EA910C59ADEC}
		{EBC8DECA-481A-4E57-B4CF-B39840BC9652} = {5853E0D4-D8B9-4EA0-B122-3C91782B9FD2}
		{95D7BD35-23FB-4396-8097-CE1936A7610F} = {EBC8DECA-481A-4E57-B4CF-B39840BC9652}
	EndGlobalSection
	GlobalSection(ExtensibilityGlobals) = postSolution
		SolutionGuid = {261A18DA-9039-40AE-B3E9-F12A7E0A5B53}
	EndGlobalSection
EndGlobal
